PODS:
  - Alamofire (3.2.1)
  - AlamofireImage (2.3.1):
    - Alamofire (~> 3.2)
  - Expecta (1.0.5)
  - OCMock (3.2.2)
  - OHHTTPStubs (4.7.1):
    - OHHTTPStubs/Default (= 4.7.1)
  - OHHTTPStubs/Core (4.7.1)
  - OHHTTPStubs/Default (4.7.1):
    - OHHTTPStubs/Core
    - OHHTTPStubs/JSON
    - OHHTTPStubs/NSURLSession
    - OHHTTPStubs/OHPathHelpers
  - OHHTTPStubs/JSON (4.7.1):
    - OHHTTPStubs/Core
  - OHHTTPStubs/NSURLSession (4.7.1):
    - OHHTTPStubs/Core
  - OHHTTPStubs/OHPathHelpers (4.7.1)
  - pop (1.0.9)
  - Specta (1.0.5)
  - youtube-ios-player-helper (0.1.5)

DEPENDENCIES:
  - Alamofire (~> 3.2)
  - AlamofireImage (~> 2.3)
  - Expecta
  - OCMock
  - OHHTTPStubs
  - pop (~> 1.0)
  - Specta
  - youtube-ios-player-helper (from `https://github.com/youtube/youtube-ios-player-helper`,
    commit `head`)

EXTERNAL SOURCES:
  youtube-ios-player-helper:
    :commit: head
    :git: https://github.com/youtube/youtube-ios-player-helper

CHECKOUT OPTIONS:
  youtube-ios-player-helper:
    :commit: head
    :git: https://github.com/youtube/youtube-ios-player-helper

SPEC CHECKSUMS:
  Alamofire: f11d8624a05f5d39e0c99309b3e600a3ba64298a
  AlamofireImage: e52336282757bbe1644f075d6cb85f19c891f939
  Expecta: e1c022fcd33910b6be89c291d2775b3fe27a89fe
  OCMock: 18c9b7e67d4c2770e95bb77a9cc1ae0c91fe3835
  OHHTTPStubs: f7d1604d04d37d055460c0ef9af01bb249ded0fa
  pop: f667631a5108a2e60d9e8797c9b32ddaf2080bce
  Specta: ac94d110b865115fe60ff2c6d7281053c6f8e8a2
  youtube-ios-player-helper: 921da8927a575debc293a94c678c658f38cde150

COCOAPODS: 0.39.0
