// !$*UTF8*$!
{
	archiveVersion = 1;
	classes = {
	};
	objectVersion = 46;
	objects = {

/* Begin PBXBuildFile section */
		0646A6051C89EF3F000E6827 /* FooterView.swift in Sources */ = {isa = PBXBuildFile; fileRef = 0646A6041C89EF3F000E6827 /* FooterView.swift */; };
		0646A6071C8A09F0000E6827 /* APIClient.swift in Sources */ = {isa = PBXBuildFile; fileRef = 0646A6061C8A09F0000E6827 /* APIClient.swift */; };
		0646A6091C8A0C8E000E6827 /* DealService.swift in Sources */ = {isa = PBXBuildFile; fileRef = 0646A6081C8A0C8E000E6827 /* DealService.swift */; };
		0646A60B1C8A0D52000E6827 /* Deal.swift in Sources */ = {isa = PBXBuildFile; fileRef = 0646A60A1C8A0D52000E6827 /* Deal.swift */; };
		0646A60D1C8A1D1C000E6827 /* meh.json in Resources */ = {isa = PBXBuildFile; fileRef = 0646A60C1C8A1D1C000E6827 /* meh.json */; };
		0646A60F1C8A22B4000E6827 /* String+Extensions.swift in Sources */ = {isa = PBXBuildFile; fileRef = 0646A60E1C8A22B4000E6827 /* String+Extensions.swift */; };
		0646A6111C8A3C8C000E6827 /* StoryCell.swift in Sources */ = {isa = PBXBuildFile; fileRef = 0646A6101C8A3C8C000E6827 /* StoryCell.swift */; };
		0646A6151C8AAC31000E6827 /* ImageViewController.swift in Sources */ = {isa = PBXBuildFile; fileRef = 0646A6141C8AAC31000E6827 /* ImageViewController.swift */; };
		0649E20E1CA450280070047C /* ImageAnimationController.swift in Sources */ = {isa = PBXBuildFile; fileRef = 0649E20D1CA450280070047C /* ImageAnimationController.swift */; };
		06774FE01C8784DD00ECC221 /* DealViewController.swift in Sources */ = {isa = PBXBuildFile; fileRef = 06774FDF1C8784DD00ECC221 /* DealViewController.swift */; };
		06774FE21C87870C00ECC221 /* DealViewModel.swift in Sources */ = {isa = PBXBuildFile; fileRef = 06774FE11C87870C00ECC221 /* DealViewModel.swift */; };
		06774FE41C8790C300ECC221 /* PhotoCell.swift in Sources */ = {isa = PBXBuildFile; fileRef = 06774FE31C8790C300ECC221 /* PhotoCell.swift */; };
		06774FE81C87935700ECC221 /* UIColor+Extensions.swift in Sources */ = {isa = PBXBuildFile; fileRef = 06774FE71C87935700ECC221 /* UIColor+Extensions.swift */; };
		06774FEA1C87A60900ECC221 /* PageControl.swift in Sources */ = {isa = PBXBuildFile; fileRef = 06774FE91C87A60900ECC221 /* PageControl.swift */; };
		06774FF01C87B2BA00ECC221 /* UIFont+Extensions.swift in Sources */ = {isa = PBXBuildFile; fileRef = 06774FEF1C87B2BA00ECC221 /* UIFont+Extensions.swift */; };
		06774FF61C881D3300ECC221 /* DealCollectionViewLayout.swift in Sources */ = {isa = PBXBuildFile; fileRef = 06774FF51C881D3300ECC221 /* DealCollectionViewLayout.swift */; };
		067750001C89007400ECC221 /* ControlContainableCollectionView.swift in Sources */ = {isa = PBXBuildFile; fileRef = 06774FFF1C89007400ECC221 /* ControlContainableCollectionView.swift */; };
		067750031C89553700ECC221 /* FeaturesCell.swift in Sources */ = {isa = PBXBuildFile; fileRef = 067750021C89553700ECC221 /* FeaturesCell.swift */; };
		067750071C89586600ECC221 /* VideoCell.swift in Sources */ = {isa = PBXBuildFile; fileRef = 067750061C89586600ECC221 /* VideoCell.swift */; };
		069283A31CB4CED400A0D2D5 /* NSAttributedString+Extensions.swift in Sources */ = {isa = PBXBuildFile; fileRef = 069283A21CB4CED400A0D2D5 /* NSAttributedString+Extensions.swift */; };
		06ABFCA41CF6A62900A7E690 /* StoryViewModel.swift in Sources */ = {isa = PBXBuildFile; fileRef = 06ABFCA31CF6A62900A7E690 /* StoryViewModel.swift */; };
		06ABFCA61CF6AA3900A7E690 /* SwiftyMarkdown+Extensions.swift in Sources */ = {isa = PBXBuildFile; fileRef = 06ABFCA51CF6AA3900A7E690 /* SwiftyMarkdown+Extensions.swift */; };
		06ABFCA81CF6B0E600A7E690 /* VideoViewModel.swift in Sources */ = {isa = PBXBuildFile; fileRef = 06ABFCA71CF6B0E600A7E690 /* VideoViewModel.swift */; };
		06ABFCAA1CF6B37C00A7E690 /* FeaturesViewModel.swift in Sources */ = {isa = PBXBuildFile; fileRef = 06ABFCA91CF6B37C00A7E690 /* FeaturesViewModel.swift */; };
		06BBE0C81CF7B6B300954722 /* SplashViewController.swift in Sources */ = {isa = PBXBuildFile; fileRef = 06BBE0C71CF7B6B300954722 /* SplashViewController.swift */; };
		06BBE0CA1CF7BC1B00954722 /* RootViewController.swift in Sources */ = {isa = PBXBuildFile; fileRef = 06BBE0C91CF7BC1B00954722 /* RootViewController.swift */; };
		06BBE0CC1CF7FD8A00954722 /* UICollectionView+Extensions.swift in Sources */ = {isa = PBXBuildFile; fileRef = 06BBE0CB1CF7FD8A00954722 /* UICollectionView+Extensions.swift */; };
		06BBE0CE1CF81D2B00954722 /* BuyHeaderView.swift in Sources */ = {isa = PBXBuildFile; fileRef = 06BBE0CD1CF81D2B00954722 /* BuyHeaderView.swift */; };
		06BBE0D01CF8216E00954722 /* BuyHeaderViewModel.swift in Sources */ = {isa = PBXBuildFile; fileRef = 06BBE0CF1CF8216E00954722 /* BuyHeaderViewModel.swift */; };
		06E0A8FB1CF82C6F0061EEB2 /* PhotosHeaderView.swift in Sources */ = {isa = PBXBuildFile; fileRef = 06E0A8FA1CF82C6F0061EEB2 /* PhotosHeaderView.swift */; };
		06E0A9051CF929480061EEB2 /* PhotosHeaderViewModel.swift in Sources */ = {isa = PBXBuildFile; fileRef = 06E0A9041CF929480061EEB2 /* PhotosHeaderViewModel.swift */; };
		06F803B71C8C072600E486EA /* HeaderCollectionViewLayoutAttributes.swift in Sources */ = {isa = PBXBuildFile; fileRef = 06F803B61C8C072500E486EA /* HeaderCollectionViewLayoutAttributes.swift */; };
		06F803C11C8D2C9C00E486EA /* meh_logo.png in Resources */ = {isa = PBXBuildFile; fileRef = 06F803C01C8D2C9C00E486EA /* meh_logo.png */; };
		06F803CB1C9007BC00E486EA /* Story.swift in Sources */ = {isa = PBXBuildFile; fileRef = 06F803CA1C9007BC00E486EA /* Story.swift */; };
		06F803CD1C9008B600E486EA /* Theme.swift in Sources */ = {isa = PBXBuildFile; fileRef = 06F803CC1C9008B600E486EA /* Theme.swift */; };
		1A12714BB5B69D96A32372A3 /* LaunchScreen.xib in Resources */ = {isa = PBXBuildFile; fileRef = 88A068A6637898C6658A2B03 /* LaunchScreen.xib */; };
		23D45A9B76B6FD2D4F2D3971 /* Images.xcassets in Resources */ = {isa = PBXBuildFile; fileRef = CDBF7F3678D9AD4C1CFC1CAB /* Images.xcassets */; };
		25E57CF94C0A478FA2D1BA56 /* Foundation.framework in Frameworks */ = {isa = PBXBuildFile; fileRef = 734586A42922B4CEB3A9D84D /* Foundation.framework */; };
		80C59789D3FF42207459F54D /* Settings.bundle in Resources */ = {isa = PBXBuildFile; fileRef = 810C172C4BE56ED1F43F0565 /* Settings.bundle */; };
		88D02D369DDC50DA562B03BC /* AppDelegate.swift in Sources */ = {isa = PBXBuildFile; fileRef = CF841234F1A18234F5E800DD /* AppDelegate.swift */; };
		9D07B348EEFB59C77D2251F9 /* Pods_unit_tests.framework in Frameworks */ = {isa = PBXBuildFile; fileRef = 1995C3A66491254F683F9B51 /* Pods_unit_tests.framework */; };
		C164C0B58623CCA898BC5D19 /* Pods.framework in Frameworks */ = {isa = PBXBuildFile; fileRef = AB3E984EC92A799809616725 /* Pods.framework */; };
/* End PBXBuildFile section */

/* Begin PBXContainerItemProxy section */
		18D2A94EA1E52DE375E0A93F /* PBXContainerItemProxy */ = {
			isa = PBXContainerItemProxy;
			containerPortal = 734775B8E7F65B278BC9CAC2 /* Project object */;
			proxyType = 1;
			remoteGlobalIDString = AE64E37B92C590D71ADAFB44;
			remoteInfo = Meh;
		};
/* End PBXContainerItemProxy section */

/* Begin PBXFileReference section */
		0646A6041C89EF3F000E6827 /* FooterView.swift */ = {isa = PBXFileReference; fileEncoding = 4; lastKnownFileType = sourcecode.swift; path = FooterView.swift; sourceTree = "<group>"; };
		0646A6061C8A09F0000E6827 /* APIClient.swift */ = {isa = PBXFileReference; fileEncoding = 4; lastKnownFileType = sourcecode.swift; path = APIClient.swift; sourceTree = "<group>"; };
		0646A6081C8A0C8E000E6827 /* DealService.swift */ = {isa = PBXFileReference; fileEncoding = 4; lastKnownFileType = sourcecode.swift; path = DealService.swift; sourceTree = "<group>"; };
		0646A60A1C8A0D52000E6827 /* Deal.swift */ = {isa = PBXFileReference; fileEncoding = 4; lastKnownFileType = sourcecode.swift; path = Deal.swift; sourceTree = "<group>"; };
		0646A60C1C8A1D1C000E6827 /* meh.json */ = {isa = PBXFileReference; fileEncoding = 4; lastKnownFileType = text.json; path = meh.json; sourceTree = "<group>"; };
		0646A60E1C8A22B4000E6827 /* String+Extensions.swift */ = {isa = PBXFileReference; fileEncoding = 4; lastKnownFileType = sourcecode.swift; path = "String+Extensions.swift"; sourceTree = "<group>"; };
		0646A6101C8A3C8C000E6827 /* StoryCell.swift */ = {isa = PBXFileReference; fileEncoding = 4; lastKnownFileType = sourcecode.swift; path = StoryCell.swift; sourceTree = "<group>"; };
		0646A6141C8AAC31000E6827 /* ImageViewController.swift */ = {isa = PBXFileReference; fileEncoding = 4; lastKnownFileType = sourcecode.swift; path = ImageViewController.swift; sourceTree = "<group>"; };
		0649E20D1CA450280070047C /* ImageAnimationController.swift */ = {isa = PBXFileReference; fileEncoding = 4; lastKnownFileType = sourcecode.swift; path = ImageAnimationController.swift; sourceTree = "<group>"; };
		06774FDF1C8784DD00ECC221 /* DealViewController.swift */ = {isa = PBXFileReference; fileEncoding = 4; lastKnownFileType = sourcecode.swift; path = DealViewController.swift; sourceTree = "<group>"; };
		06774FE11C87870C00ECC221 /* DealViewModel.swift */ = {isa = PBXFileReference; fileEncoding = 4; lastKnownFileType = sourcecode.swift; path = DealViewModel.swift; sourceTree = "<group>"; };
		06774FE31C8790C300ECC221 /* PhotoCell.swift */ = {isa = PBXFileReference; fileEncoding = 4; lastKnownFileType = sourcecode.swift; path = PhotoCell.swift; sourceTree = "<group>"; };
		06774FE71C87935700ECC221 /* UIColor+Extensions.swift */ = {isa = PBXFileReference; fileEncoding = 4; lastKnownFileType = sourcecode.swift; path = "UIColor+Extensions.swift"; sourceTree = "<group>"; };
		06774FE91C87A60900ECC221 /* PageControl.swift */ = {isa = PBXFileReference; fileEncoding = 4; lastKnownFileType = sourcecode.swift; path = PageControl.swift; sourceTree = "<group>"; };
		06774FEF1C87B2BA00ECC221 /* UIFont+Extensions.swift */ = {isa = PBXFileReference; fileEncoding = 4; lastKnownFileType = sourcecode.swift; path = "UIFont+Extensions.swift"; sourceTree = "<group>"; };
		06774FF51C881D3300ECC221 /* DealCollectionViewLayout.swift */ = {isa = PBXFileReference; fileEncoding = 4; lastKnownFileType = sourcecode.swift; path = DealCollectionViewLayout.swift; sourceTree = "<group>"; };
		06774FFF1C89007400ECC221 /* ControlContainableCollectionView.swift */ = {isa = PBXFileReference; fileEncoding = 4; lastKnownFileType = sourcecode.swift; path = ControlContainableCollectionView.swift; sourceTree = "<group>"; };
		067750021C89553700ECC221 /* FeaturesCell.swift */ = {isa = PBXFileReference; fileEncoding = 4; lastKnownFileType = sourcecode.swift; path = FeaturesCell.swift; sourceTree = "<group>"; };
		067750061C89586600ECC221 /* VideoCell.swift */ = {isa = PBXFileReference; fileEncoding = 4; lastKnownFileType = sourcecode.swift; path = VideoCell.swift; sourceTree = "<group>"; };
		069283A21CB4CED400A0D2D5 /* NSAttributedString+Extensions.swift */ = {isa = PBXFileReference; fileEncoding = 4; lastKnownFileType = sourcecode.swift; path = "NSAttributedString+Extensions.swift"; sourceTree = "<group>"; };
		06ABFCA31CF6A62900A7E690 /* StoryViewModel.swift */ = {isa = PBXFileReference; fileEncoding = 4; lastKnownFileType = sourcecode.swift; path = StoryViewModel.swift; sourceTree = "<group>"; };
		06ABFCA51CF6AA3900A7E690 /* SwiftyMarkdown+Extensions.swift */ = {isa = PBXFileReference; fileEncoding = 4; lastKnownFileType = sourcecode.swift; path = "SwiftyMarkdown+Extensions.swift"; sourceTree = "<group>"; };
		06ABFCA71CF6B0E600A7E690 /* VideoViewModel.swift */ = {isa = PBXFileReference; fileEncoding = 4; lastKnownFileType = sourcecode.swift; path = VideoViewModel.swift; sourceTree = "<group>"; };
		06ABFCA91CF6B37C00A7E690 /* FeaturesViewModel.swift */ = {isa = PBXFileReference; fileEncoding = 4; lastKnownFileType = sourcecode.swift; path = FeaturesViewModel.swift; sourceTree = "<group>"; };
		06BBE0C71CF7B6B300954722 /* SplashViewController.swift */ = {isa = PBXFileReference; fileEncoding = 4; lastKnownFileType = sourcecode.swift; path = SplashViewController.swift; sourceTree = "<group>"; };
		06BBE0C91CF7BC1B00954722 /* RootViewController.swift */ = {isa = PBXFileReference; fileEncoding = 4; lastKnownFileType = sourcecode.swift; path = RootViewController.swift; sourceTree = "<group>"; };
		06BBE0CB1CF7FD8A00954722 /* UICollectionView+Extensions.swift */ = {isa = PBXFileReference; fileEncoding = 4; lastKnownFileType = sourcecode.swift; path = "UICollectionView+Extensions.swift"; sourceTree = "<group>"; };
		06BBE0CD1CF81D2B00954722 /* BuyHeaderView.swift */ = {isa = PBXFileReference; fileEncoding = 4; lastKnownFileType = sourcecode.swift; path = BuyHeaderView.swift; sourceTree = "<group>"; };
		06BBE0CF1CF8216E00954722 /* BuyHeaderViewModel.swift */ = {isa = PBXFileReference; fileEncoding = 4; lastKnownFileType = sourcecode.swift; path = BuyHeaderViewModel.swift; sourceTree = "<group>"; };
		06E0A8FA1CF82C6F0061EEB2 /* PhotosHeaderView.swift */ = {isa = PBXFileReference; fileEncoding = 4; lastKnownFileType = sourcecode.swift; path = PhotosHeaderView.swift; sourceTree = "<group>"; };
		06E0A9041CF929480061EEB2 /* PhotosHeaderViewModel.swift */ = {isa = PBXFileReference; fileEncoding = 4; lastKnownFileType = sourcecode.swift; path = PhotosHeaderViewModel.swift; sourceTree = "<group>"; };
		06F803B61C8C072500E486EA /* HeaderCollectionViewLayoutAttributes.swift */ = {isa = PBXFileReference; fileEncoding = 4; lastKnownFileType = sourcecode.swift; path = HeaderCollectionViewLayoutAttributes.swift; sourceTree = "<group>"; };
		06F803C01C8D2C9C00E486EA /* meh_logo.png */ = {isa = PBXFileReference; lastKnownFileType = image.png; path = meh_logo.png; sourceTree = "<group>"; };
		06F803CA1C9007BC00E486EA /* Story.swift */ = {isa = PBXFileReference; fileEncoding = 4; lastKnownFileType = sourcecode.swift; path = Story.swift; sourceTree = "<group>"; };
		06F803CC1C9008B600E486EA /* Theme.swift */ = {isa = PBXFileReference; fileEncoding = 4; lastKnownFileType = sourcecode.swift; path = Theme.swift; sourceTree = "<group>"; };
		1995C3A66491254F683F9B51 /* Pods_unit_tests.framework */ = {isa = PBXFileReference; explicitFileType = wrapper.framework; includeInIndex = 0; path = Pods_unit_tests.framework; sourceTree = BUILT_PRODUCTS_DIR; };
		3B7764C042DE2E45CDDD0FFC /* UnitTests-Info.plist */ = {isa = PBXFileReference; includeInIndex = 1; lastKnownFileType = text.plist.xml; path = "UnitTests-Info.plist"; sourceTree = "<group>"; };
		4AFDC2DB4095D06650506AF0 /* Pods-unit_tests.debug.xcconfig */ = {isa = PBXFileReference; includeInIndex = 1; lastKnownFileType = text.xcconfig; name = "Pods-unit_tests.debug.xcconfig"; path = "Pods/Target Support Files/Pods-unit_tests/Pods-unit_tests.debug.xcconfig"; sourceTree = "<group>"; };
		5C28A8E188BA5EC308E52CD8 /* Pods.debug.xcconfig */ = {isa = PBXFileReference; includeInIndex = 1; lastKnownFileType = text.xcconfig; name = Pods.debug.xcconfig; path = "Pods/Target Support Files/Pods/Pods.debug.xcconfig"; sourceTree = "<group>"; };
		5E1CF919C490E04B0EE18585 /* Pods.release.xcconfig */ = {isa = PBXFileReference; includeInIndex = 1; lastKnownFileType = text.xcconfig; name = Pods.release.xcconfig; path = "Pods/Target Support Files/Pods/Pods.release.xcconfig"; sourceTree = "<group>"; };
		691452D79602065215E58996 /* Pods-unit_tests.release.xcconfig */ = {isa = PBXFileReference; includeInIndex = 1; lastKnownFileType = text.xcconfig; name = "Pods-unit_tests.release.xcconfig"; path = "Pods/Target Support Files/Pods-unit_tests/Pods-unit_tests.release.xcconfig"; sourceTree = "<group>"; };
		6CFD0BC02E235F51274AC006 /* UnitTests.xctest */ = {isa = PBXFileReference; explicitFileType = wrapper.cfbundle; includeInIndex = 0; path = UnitTests.xctest; sourceTree = BUILT_PRODUCTS_DIR; };
		734586A42922B4CEB3A9D84D /* Foundation.framework */ = {isa = PBXFileReference; lastKnownFileType = wrapper.framework; name = Foundation.framework; path = Platforms/iPhoneOS.platform/Developer/SDKs/iPhoneOS8.3.sdk/System/Library/Frameworks/Foundation.framework; sourceTree = DEVELOPER_DIR; };
		810C172C4BE56ED1F43F0565 /* Settings.bundle */ = {isa = PBXFileReference; includeInIndex = 1; lastKnownFileType = "wrapper.plug-in"; path = Settings.bundle; sourceTree = "<group>"; };
		88A068A6637898C6658A2B03 /* LaunchScreen.xib */ = {isa = PBXFileReference; includeInIndex = 1; lastKnownFileType = file.xib; path = LaunchScreen.xib; sourceTree = "<group>"; };
		AB3E984EC92A799809616725 /* Pods.framework */ = {isa = PBXFileReference; explicitFileType = wrapper.framework; includeInIndex = 0; path = Pods.framework; sourceTree = BUILT_PRODUCTS_DIR; };
		CA83C6203E93A810343E5601 /* Meh.app */ = {isa = PBXFileReference; explicitFileType = wrapper.application; includeInIndex = 0; path = Meh.app; sourceTree = BUILT_PRODUCTS_DIR; };
		CDBF7F3678D9AD4C1CFC1CAB /* Images.xcassets */ = {isa = PBXFileReference; includeInIndex = 1; lastKnownFileType = folder.assetcatalog; path = Images.xcassets; sourceTree = "<group>"; };
		CF841234F1A18234F5E800DD /* AppDelegate.swift */ = {isa = PBXFileReference; includeInIndex = 1; lastKnownFileType = sourcecode.swift; path = AppDelegate.swift; sourceTree = "<group>"; };
		F1EF4EA1FF49325D654EAF8E /* Info.plist */ = {isa = PBXFileReference; includeInIndex = 1; lastKnownFileType = text.plist.xml; path = Info.plist; sourceTree = "<group>"; };
/* End PBXFileReference section */

/* Begin PBXFrameworksBuildPhase section */
		940872298607AE30EE401C9F /* Frameworks */ = {
			isa = PBXFrameworksBuildPhase;
			buildActionMask = 2147483647;
			files = (
				25E57CF94C0A478FA2D1BA56 /* Foundation.framework in Frameworks */,
				C164C0B58623CCA898BC5D19 /* Pods.framework in Frameworks */,
			);
			runOnlyForDeploymentPostprocessing = 0;
		};
		F7313C418C60B7133449ACCF /* Frameworks */ = {
			isa = PBXFrameworksBuildPhase;
			buildActionMask = 2147483647;
			files = (
				9D07B348EEFB59C77D2251F9 /* Pods_unit_tests.framework in Frameworks */,
			);
			runOnlyForDeploymentPostprocessing = 0;
		};
/* End PBXFrameworksBuildPhase section */

/* Begin PBXGroup section */
		0034D9CB3400F2036913473A /* Controllers */ = {
			isa = PBXGroup;
			children = (
				06BBE0C91CF7BC1B00954722 /* RootViewController.swift */,
				06BBE0C71CF7B6B300954722 /* SplashViewController.swift */,
				06774FDF1C8784DD00ECC221 /* DealViewController.swift */,
				06774FF51C881D3300ECC221 /* DealCollectionViewLayout.swift */,
				06F803B61C8C072500E486EA /* HeaderCollectionViewLayoutAttributes.swift */,
				0646A6141C8AAC31000E6827 /* ImageViewController.swift */,
				0649E20D1CA450280070047C /* ImageAnimationController.swift */,
			);
			path = Controllers;
			sourceTree = "<group>";
		};
		0A512488F5F5854F8840DC7C /* Meh */ = {
			isa = PBXGroup;
			children = (
				DE64A190C244257F9CAFFAD8 /* Application */,
				F66BB82BE9702A38F88FC05C /* Extensions */,
				C19E952FACFD86622E1B34B0 /* Protocols */,
				4B15C656059E4A303AD406FD /* Models */,
				E9F05D824D98358392C6D5CF /* View Models */,
				0034D9CB3400F2036913473A /* Controllers */,
				1C75A84C5A6408F4770BACD5 /* Views */,
				9113A245F188F28CB8ADE91F /* Services */,
				8FC91BDEF2B40FD54C042982 /* Resources */,
			);
			path = Meh;
			sourceTree = "<group>";
		};
		1C75A84C5A6408F4770BACD5 /* Views */ = {
			isa = PBXGroup;
			children = (
				06774FE91C87A60900ECC221 /* PageControl.swift */,
				06E0A8FA1CF82C6F0061EEB2 /* PhotosHeaderView.swift */,
				06BBE0CD1CF81D2B00954722 /* BuyHeaderView.swift */,
				0646A6041C89EF3F000E6827 /* FooterView.swift */,
				06774FE31C8790C300ECC221 /* PhotoCell.swift */,
				067750021C89553700ECC221 /* FeaturesCell.swift */,
				067750061C89586600ECC221 /* VideoCell.swift */,
				0646A6101C8A3C8C000E6827 /* StoryCell.swift */,
				06774FFF1C89007400ECC221 /* ControlContainableCollectionView.swift */,
			);
			path = Views;
			sourceTree = "<group>";
		};
		277C6DD45551E4BDF76750C6 /* Pods */ = {
			isa = PBXGroup;
			children = (
				691452D79602065215E58996 /* Pods-unit_tests.release.xcconfig */,
				4AFDC2DB4095D06650506AF0 /* Pods-unit_tests.debug.xcconfig */,
				5E1CF919C490E04B0EE18585 /* Pods.release.xcconfig */,
				5C28A8E188BA5EC308E52CD8 /* Pods.debug.xcconfig */,
			);
			name = Pods;
			sourceTree = "<group>";
		};
		4B15C656059E4A303AD406FD /* Models */ = {
			isa = PBXGroup;
			children = (
				0646A60A1C8A0D52000E6827 /* Deal.swift */,
				06F803CA1C9007BC00E486EA /* Story.swift */,
				06F803CC1C9008B600E486EA /* Theme.swift */,
			);
			path = Models;
			sourceTree = "<group>";
		};
		4D560FF7DA116ECB4D173969 /* Helpers */ = {
			isa = PBXGroup;
			children = (
			);
			path = Helpers;
			sourceTree = "<group>";
		};
		80249C14A69E108C5A7C22D3 = {
			isa = PBXGroup;
			children = (
				0A512488F5F5854F8840DC7C /* Meh */,
				D299137DE273AD16DE11F0E0 /* UnitTests */,
				EB64EDF4080D9B0DD4938964 /* Frameworks */,
				E67B0DB347341160F6C3E3B5 /* Products */,
				277C6DD45551E4BDF76750C6 /* Pods */,
			);
			indentWidth = 4;
			sourceTree = "<group>";
			tabWidth = 4;
			usesTabs = 0;
		};
		8FC91BDEF2B40FD54C042982 /* Resources */ = {
			isa = PBXGroup;
			children = (
				06F803C01C8D2C9C00E486EA /* meh_logo.png */,
				0646A60C1C8A1D1C000E6827 /* meh.json */,
				CDBF7F3678D9AD4C1CFC1CAB /* Images.xcassets */,
				88A068A6637898C6658A2B03 /* LaunchScreen.xib */,
				F1EF4EA1FF49325D654EAF8E /* Info.plist */,
				810C172C4BE56ED1F43F0565 /* Settings.bundle */,
			);
			path = Resources;
			sourceTree = "<group>";
		};
		9113A245F188F28CB8ADE91F /* Services */ = {
			isa = PBXGroup;
			children = (
				0646A6061C8A09F0000E6827 /* APIClient.swift */,
				0646A6081C8A0C8E000E6827 /* DealService.swift */,
			);
			path = Services;
			sourceTree = "<group>";
		};
		C19E952FACFD86622E1B34B0 /* Protocols */ = {
			isa = PBXGroup;
			children = (
			);
			path = Protocols;
			sourceTree = "<group>";
		};
		CE4CBFB9365835806F5F9EE2 /* iOS */ = {
			isa = PBXGroup;
			children = (
				734586A42922B4CEB3A9D84D /* Foundation.framework */,
			);
			name = iOS;
			sourceTree = "<group>";
		};
		D299137DE273AD16DE11F0E0 /* UnitTests */ = {
			isa = PBXGroup;
			children = (
				F7C9A34925E87C532EDFF4FC /* Resources */,
				4D560FF7DA116ECB4D173969 /* Helpers */,
				DADC9A79D0E0144DDA20923F /* Tests */,
			);
			path = UnitTests;
			sourceTree = "<group>";
		};
		DADC9A79D0E0144DDA20923F /* Tests */ = {
			isa = PBXGroup;
			children = (
			);
			path = Tests;
			sourceTree = "<group>";
		};
		DE64A190C244257F9CAFFAD8 /* Application */ = {
			isa = PBXGroup;
			children = (
				CF841234F1A18234F5E800DD /* AppDelegate.swift */,
			);
			path = Application;
			sourceTree = "<group>";
		};
		E67B0DB347341160F6C3E3B5 /* Products */ = {
			isa = PBXGroup;
			children = (
				CA83C6203E93A810343E5601 /* Meh.app */,
				6CFD0BC02E235F51274AC006 /* UnitTests.xctest */,
			);
			name = Products;
			sourceTree = "<group>";
		};
		E9F05D824D98358392C6D5CF /* View Models */ = {
			isa = PBXGroup;
			children = (
				06774FE11C87870C00ECC221 /* DealViewModel.swift */,
				06ABFCA31CF6A62900A7E690 /* StoryViewModel.swift */,
				06ABFCA71CF6B0E600A7E690 /* VideoViewModel.swift */,
				06ABFCA91CF6B37C00A7E690 /* FeaturesViewModel.swift */,
				06BBE0CF1CF8216E00954722 /* BuyHeaderViewModel.swift */,
				06E0A9041CF929480061EEB2 /* PhotosHeaderViewModel.swift */,
			);
			path = "View Models";
			sourceTree = "<group>";
		};
		EB64EDF4080D9B0DD4938964 /* Frameworks */ = {
			isa = PBXGroup;
			children = (
				CE4CBFB9365835806F5F9EE2 /* iOS */,
				AB3E984EC92A799809616725 /* Pods.framework */,
				1995C3A66491254F683F9B51 /* Pods_unit_tests.framework */,
			);
			name = Frameworks;
			sourceTree = "<group>";
		};
		F66BB82BE9702A38F88FC05C /* Extensions */ = {
			isa = PBXGroup;
			children = (
				06774FE71C87935700ECC221 /* UIColor+Extensions.swift */,
				06774FEF1C87B2BA00ECC221 /* UIFont+Extensions.swift */,
				0646A60E1C8A22B4000E6827 /* String+Extensions.swift */,
				069283A21CB4CED400A0D2D5 /* NSAttributedString+Extensions.swift */,
				06ABFCA51CF6AA3900A7E690 /* SwiftyMarkdown+Extensions.swift */,
				06BBE0CB1CF7FD8A00954722 /* UICollectionView+Extensions.swift */,
			);
			path = Extensions;
			sourceTree = "<group>";
		};
		F7C9A34925E87C532EDFF4FC /* Resources */ = {
			isa = PBXGroup;
			children = (
				3B7764C042DE2E45CDDD0FFC /* UnitTests-Info.plist */,
			);
			path = Resources;
			sourceTree = "<group>";
		};
/* End PBXGroup section */

/* Begin PBXNativeTarget section */
		6D68EAA115B48153ED2227A1 /* UnitTests */ = {
			isa = PBXNativeTarget;
			buildConfigurationList = 4C66D55B341D33A84A992F3D /* Build configuration list for PBXNativeTarget "UnitTests" */;
			buildPhases = (
				157989A9F32D41D8F4F62FC8 /* Check Pods Manifest.lock */,
				E9DE88A370B5746B088E53AC /* Sources */,
				F7313C418C60B7133449ACCF /* Frameworks */,
				E49E3C0F28CEF01D5F38D41C /* Resources */,
				A90E1917E942FFF0B07F85AC /* Embed Pods Frameworks */,
				654D1C815BAA3796F943FE66 /* Copy Pods Resources */,
			);
			buildRules = (
			);
			dependencies = (
				765266656536737B65D56B81 /* PBXTargetDependency */,
			);
			name = UnitTests;
			productName = UnitTests;
			productReference = 6CFD0BC02E235F51274AC006 /* UnitTests.xctest */;
			productType = "com.apple.product-type.bundle.unit-test";
		};
		AE64E37B92C590D71ADAFB44 /* Meh */ = {
			isa = PBXNativeTarget;
			buildConfigurationList = 63C1250D33E7C86F90855819 /* Build configuration list for PBXNativeTarget "Meh" */;
			buildPhases = (
				76282CAAE2EA23488DEE575F /* Check Pods Manifest.lock */,
				D8C151DA9A1ABCD89A0C56FD /* Sources */,
				940872298607AE30EE401C9F /* Frameworks */,
				93BB08717629423BA8C6D8B9 /* Resources */,
				E3B20179CFB3E167F9B401CB /* Warn for TODO and FIXME comments */,
				31EB60B10C77669D4C84A253 /* Set version number */,
				C9A27BD988B7E7B2B7FC9DA3 /* Embed Pods Frameworks */,
				06D87CA7F99E6F594A34002A /* Copy Pods Resources */,
				0677500A1C89E58F00ECC221 /* Swift Lint */,
			);
			buildRules = (
			);
			dependencies = (
			);
			name = Meh;
			productName = Meh;
			productReference = CA83C6203E93A810343E5601 /* Meh.app */;
			productType = "com.apple.product-type.application";
		};
/* End PBXNativeTarget section */

/* Begin PBXProject section */
		734775B8E7F65B278BC9CAC2 /* Project object */ = {
			isa = PBXProject;
			attributes = {
				CLASSPREFIX = "";
				LastSwiftUpdateCheck = 0700;
				LastUpgradeCheck = 0720;
				ORGANIZATIONNAME = "Brad Smith";
			};
			buildConfigurationList = 22641473059B61392CD67C76 /* Build configuration list for PBXProject "Meh" */;
			compatibilityVersion = "Xcode 3.2";
			developmentRegion = English;
			hasScannedForEncodings = 0;
			knownRegions = (
				en,
			);
			mainGroup = 80249C14A69E108C5A7C22D3;
			productRefGroup = E67B0DB347341160F6C3E3B5 /* Products */;
			projectDirPath = "";
			projectRoot = "";
			targets = (
				AE64E37B92C590D71ADAFB44 /* Meh */,
				6D68EAA115B48153ED2227A1 /* UnitTests */,
			);
		};
/* End PBXProject section */

/* Begin PBXResourcesBuildPhase section */
		93BB08717629423BA8C6D8B9 /* Resources */ = {
			isa = PBXResourcesBuildPhase;
			buildActionMask = 2147483647;
			files = (
				23D45A9B76B6FD2D4F2D3971 /* Images.xcassets in Resources */,
				1A12714BB5B69D96A32372A3 /* LaunchScreen.xib in Resources */,
				80C59789D3FF42207459F54D /* Settings.bundle in Resources */,
				06F803C11C8D2C9C00E486EA /* meh_logo.png in Resources */,
				0646A60D1C8A1D1C000E6827 /* meh.json in Resources */,
			);
			runOnlyForDeploymentPostprocessing = 0;
		};
		E49E3C0F28CEF01D5F38D41C /* Resources */ = {
			isa = PBXResourcesBuildPhase;
			buildActionMask = 2147483647;
			files = (
			);
			runOnlyForDeploymentPostprocessing = 0;
		};
/* End PBXResourcesBuildPhase section */

/* Begin PBXShellScriptBuildPhase section */
		0677500A1C89E58F00ECC221 /* Swift Lint */ = {
			isa = PBXShellScriptBuildPhase;
			buildActionMask = 2147483647;
			files = (
			);
			inputPaths = (
			);
			name = "Swift Lint";
			outputPaths = (
			);
			runOnlyForDeploymentPostprocessing = 0;
			shellPath = /bin/sh;
			shellScript = "if which swiftlint >/dev/null; then\n    swiftlint\nelse\n    echo \"warning: SwiftLint not installed, download from https://github.com/realm/SwiftLint\"\nfi";
		};
		06D87CA7F99E6F594A34002A /* Copy Pods Resources */ = {
			isa = PBXShellScriptBuildPhase;
			buildActionMask = 2147483647;
			files = (
			);
			inputPaths = (
			);
			name = "Copy Pods Resources";
			outputPaths = (
			);
			runOnlyForDeploymentPostprocessing = 0;
			shellPath = /bin/sh;
			shellScript = "\"${SRCROOT}/Pods/Target Support Files/Pods/Pods-resources.sh\"\n";
			showEnvVarsInLog = 0;
		};
		157989A9F32D41D8F4F62FC8 /* Check Pods Manifest.lock */ = {
			isa = PBXShellScriptBuildPhase;
			buildActionMask = 2147483647;
			files = (
			);
			inputPaths = (
			);
			name = "Check Pods Manifest.lock";
			outputPaths = (
			);
			runOnlyForDeploymentPostprocessing = 0;
			shellPath = /bin/sh;
			shellScript = "diff \"${PODS_ROOT}/../Podfile.lock\" \"${PODS_ROOT}/Manifest.lock\" > /dev/null\nif [[ $? != 0 ]] ; then\n    cat << EOM\nerror: The sandbox is not in sync with the Podfile.lock. Run 'pod install' or update your CocoaPods installation.\nEOM\n    exit 1\nfi\n";
			showEnvVarsInLog = 0;
		};
		31EB60B10C77669D4C84A253 /* Set version number */ = {
			isa = PBXShellScriptBuildPhase;
			buildActionMask = 2147483647;
			files = (
			);
			inputPaths = (
			);
			name = "Set version number";
			outputPaths = (
			);
			runOnlyForDeploymentPostprocessing = 0;
			shellPath = /bin/sh;
			shellScript = "git=$(sh /etc/profile; which git)\ngit_release_version=$(\"$git\" describe --tags --always --abbrev=0)\nnumber_of_commits=$(\"$git\" rev-list master --count)\ntarget_plist=\"$TARGET_BUILD_DIR/$INFOPLIST_PATH\"\ndsym_plist=\"$DWARF_DSYM_FOLDER_PATH/$DWARF_DSYM_FILE_NAME/Contents/Info.plist\"\n\nfor plist in \"$target_plist\" \"$dsym_plist\"; do\n  if [ -f \"$plist\" ]; then\n    /usr/libexec/PlistBuddy -c \"Set :CFBundleVersion $number_of_commits\" \"$plist\"\n    /usr/libexec/PlistBuddy -c \"Set :CFBundleShortVersionString ${git_release_version#*v}\" \"$plist\"\n  fi\ndone\n";
		};
		654D1C815BAA3796F943FE66 /* Copy Pods Resources */ = {
			isa = PBXShellScriptBuildPhase;
			buildActionMask = 2147483647;
			files = (
			);
			inputPaths = (
			);
			name = "Copy Pods Resources";
			outputPaths = (
			);
			runOnlyForDeploymentPostprocessing = 0;
			shellPath = /bin/sh;
			shellScript = "\"${SRCROOT}/Pods/Target Support Files/Pods-unit_tests/Pods-unit_tests-resources.sh\"\n";
			showEnvVarsInLog = 0;
		};
		76282CAAE2EA23488DEE575F /* Check Pods Manifest.lock */ = {
			isa = PBXShellScriptBuildPhase;
			buildActionMask = 2147483647;
			files = (
			);
			inputPaths = (
			);
			name = "Check Pods Manifest.lock";
			outputPaths = (
			);
			runOnlyForDeploymentPostprocessing = 0;
			shellPath = /bin/sh;
			shellScript = "diff \"${PODS_ROOT}/../Podfile.lock\" \"${PODS_ROOT}/Manifest.lock\" > /dev/null\nif [[ $? != 0 ]] ; then\n    cat << EOM\nerror: The sandbox is not in sync with the Podfile.lock. Run 'pod install' or update your CocoaPods installation.\nEOM\n    exit 1\nfi\n";
			showEnvVarsInLog = 0;
		};
		A90E1917E942FFF0B07F85AC /* Embed Pods Frameworks */ = {
			isa = PBXShellScriptBuildPhase;
			buildActionMask = 2147483647;
			files = (
			);
			inputPaths = (
			);
			name = "Embed Pods Frameworks";
			outputPaths = (
			);
			runOnlyForDeploymentPostprocessing = 0;
			shellPath = /bin/sh;
			shellScript = "\"${SRCROOT}/Pods/Target Support Files/Pods-unit_tests/Pods-unit_tests-frameworks.sh\"\n";
			showEnvVarsInLog = 0;
		};
		C9A27BD988B7E7B2B7FC9DA3 /* Embed Pods Frameworks */ = {
			isa = PBXShellScriptBuildPhase;
			buildActionMask = 2147483647;
			files = (
			);
			inputPaths = (
			);
			name = "Embed Pods Frameworks";
			outputPaths = (
			);
			runOnlyForDeploymentPostprocessing = 0;
			shellPath = /bin/sh;
			shellScript = "\"${SRCROOT}/Pods/Target Support Files/Pods/Pods-frameworks.sh\"\n";
			showEnvVarsInLog = 0;
		};
		E3B20179CFB3E167F9B401CB /* Warn for TODO and FIXME comments */ = {
			isa = PBXShellScriptBuildPhase;
			buildActionMask = 2147483647;
			files = (
			);
			inputPaths = (
			);
			name = "Warn for TODO and FIXME comments";
			outputPaths = (
			);
			runOnlyForDeploymentPostprocessing = 0;
			shellPath = /bin/sh;
			shellScript = "KEYWORDS=\"TODO:|FIXME:|\\?\\?\\?:|\\!\\!\\!:\"\nFILE_EXTENSIONS=\"swift|h|m|mm|c|cpp\"\nfind -E \"${SRCROOT}\" -ipath \"${SRCROOT}/Carthage\" -o -ipath \"${SRCROOT}/pods\" -prune -o \\( -regex \".*\\.($FILE_EXTENSIONS)$\" \\) -print0 | xargs -0 egrep --with-filename --line-number --only-matching \"($KEYWORDS).*\\$\" | perl -p -e \"s/($KEYWORDS)/ warning: \\$1/\"\n";
		};
/* End PBXShellScriptBuildPhase section */

/* Begin PBXSourcesBuildPhase section */
		D8C151DA9A1ABCD89A0C56FD /* Sources */ = {
			isa = PBXSourcesBuildPhase;
			buildActionMask = 2147483647;
			files = (
				0646A6051C89EF3F000E6827 /* FooterView.swift in Sources */,
				06ABFCAA1CF6B37C00A7E690 /* FeaturesViewModel.swift in Sources */,
				06E0A8FB1CF82C6F0061EEB2 /* PhotosHeaderView.swift in Sources */,
				067750031C89553700ECC221 /* FeaturesCell.swift in Sources */,
				0646A6091C8A0C8E000E6827 /* DealService.swift in Sources */,
				0646A60F1C8A22B4000E6827 /* String+Extensions.swift in Sources */,
				06BBE0D01CF8216E00954722 /* BuyHeaderViewModel.swift in Sources */,
				06774FE41C8790C300ECC221 /* PhotoCell.swift in Sources */,
				06BBE0CC1CF7FD8A00954722 /* UICollectionView+Extensions.swift in Sources */,
				06774FF01C87B2BA00ECC221 /* UIFont+Extensions.swift in Sources */,
				06774FF61C881D3300ECC221 /* DealCollectionViewLayout.swift in Sources */,
				06774FE81C87935700ECC221 /* UIColor+Extensions.swift in Sources */,
				0649E20E1CA450280070047C /* ImageAnimationController.swift in Sources */,
				06E0A9051CF929480061EEB2 /* PhotosHeaderViewModel.swift in Sources */,
				069283A31CB4CED400A0D2D5 /* NSAttributedString+Extensions.swift in Sources */,
				06F803CD1C9008B600E486EA /* Theme.swift in Sources */,
				06774FEA1C87A60900ECC221 /* PageControl.swift in Sources */,
				06F803CB1C9007BC00E486EA /* Story.swift in Sources */,
				0646A6151C8AAC31000E6827 /* ImageViewController.swift in Sources */,
				0646A6071C8A09F0000E6827 /* APIClient.swift in Sources */,
				06BBE0CA1CF7BC1B00954722 /* RootViewController.swift in Sources */,
				067750071C89586600ECC221 /* VideoCell.swift in Sources */,
				0646A6111C8A3C8C000E6827 /* StoryCell.swift in Sources */,
				06F803B71C8C072600E486EA /* HeaderCollectionViewLayoutAttributes.swift in Sources */,
				06BBE0C81CF7B6B300954722 /* SplashViewController.swift in Sources */,
				06ABFCA41CF6A62900A7E690 /* StoryViewModel.swift in Sources */,
				06774FE21C87870C00ECC221 /* DealViewModel.swift in Sources */,
				06774FE01C8784DD00ECC221 /* DealViewController.swift in Sources */,
				06BBE0CE1CF81D2B00954722 /* BuyHeaderView.swift in Sources */,
				88D02D369DDC50DA562B03BC /* AppDelegate.swift in Sources */,
				067750001C89007400ECC221 /* ControlContainableCollectionView.swift in Sources */,
				0646A60B1C8A0D52000E6827 /* Deal.swift in Sources */,
				06ABFCA81CF6B0E600A7E690 /* VideoViewModel.swift in Sources */,
				06ABFCA61CF6AA3900A7E690 /* SwiftyMarkdown+Extensions.swift in Sources */,
			);
			runOnlyForDeploymentPostprocessing = 0;
		};
		E9DE88A370B5746B088E53AC /* Sources */ = {
			isa = PBXSourcesBuildPhase;
			buildActionMask = 2147483647;
			files = (
			);
			runOnlyForDeploymentPostprocessing = 0;
		};
/* End PBXSourcesBuildPhase section */

/* Begin PBXTargetDependency section */
		765266656536737B65D56B81 /* PBXTargetDependency */ = {
			isa = PBXTargetDependency;
			name = Meh;
			target = AE64E37B92C590D71ADAFB44 /* Meh */;
			targetProxy = 18D2A94EA1E52DE375E0A93F /* PBXContainerItemProxy */;
		};
/* End PBXTargetDependency section */

/* Begin XCBuildConfiguration section */
		0750C4BF757248A519FC058F /* Debug */ = {
			isa = XCBuildConfiguration;
			baseConfigurationReference = 4AFDC2DB4095D06650506AF0 /* Pods-unit_tests.debug.xcconfig */;
			buildSettings = {
				BUNDLE_LOADER = "$(BUILT_PRODUCTS_DIR)/Meh.app/Meh";
				ENABLE_STRICT_OBJC_MSGSEND = YES;
				FRAMEWORK_SEARCH_PATHS = (
					"$(SDKROOT)/Developer/Library/Frameworks",
					"$(inherited)",
					"$(DEVELOPER_FRAMEWORKS_DIR)",
				);
				INFOPLIST_FILE = "UnitTests/Resources/UnitTests-Info.plist";
				PRODUCT_BUNDLE_IDENTIFIER = "com.bradsmith.${PRODUCT_NAME:rfc1034identifier}";
				PRODUCT_NAME = "$(TARGET_NAME)";
				SDKROOT = iphoneos;
				SKIP_INSTALL = YES;
				TEST_HOST = "$(BUNDLE_LOADER)";
				WRAPPER_EXTENSION = xctest;
			};
			name = Debug;
		};
		388A5C4EFD845263E261A5E7 /* Release */ = {
			isa = XCBuildConfiguration;
			buildSettings = {
				ALWAYS_SEARCH_USER_PATHS = NO;
				ASSETCATALOG_COMPILER_APPICON_NAME = AppIcon;
				CLANG_CXX_LANGUAGE_STANDARD = "gnu++0x";
				CLANG_CXX_LIBRARY = "libc++";
				CLANG_ENABLE_MODULES = YES;
				CLANG_ENABLE_OBJC_ARC = YES;
				CLANG_WARN_BOOL_CONVERSION = YES;
				CLANG_WARN_CONSTANT_CONVERSION = YES;
				CLANG_WARN_DEPRECATED_OBJC_IMPLEMENTATIONS = YES;
				CLANG_WARN_DIRECT_OBJC_ISA_USAGE = YES;
				CLANG_WARN_EMPTY_BODY = YES;
				CLANG_WARN_ENUM_CONVERSION = YES;
				CLANG_WARN_IMPLICIT_SIGN_CONVERSION = YES;
				CLANG_WARN_INT_CONVERSION = YES;
				CLANG_WARN_OBJC_IMPLICIT_RETAIN_SELF = YES;
				CLANG_WARN_OBJC_ROOT_CLASS = YES;
				CLANG_WARN_SUSPICIOUS_IMPLICIT_CONVERSION = YES;
				CLANG_WARN_UNREACHABLE_CODE = YES;
				CLANG_WARN__DUPLICATE_METHOD_MATCH = YES;
				"CODE_SIGN_IDENTITY[sdk=iphoneos*]" = "iPhone Developer";
				COPY_PHASE_STRIP = YES;
				ENABLE_NS_ASSERTIONS = NO;
				GCC_C_LANGUAGE_STANDARD = gnu99;
				GCC_WARN_64_TO_32_BIT_CONVERSION = YES;
				GCC_WARN_ABOUT_DEPRECATED_FUNCTIONS = YES;
				GCC_WARN_ABOUT_MISSING_FIELD_INITIALIZERS = YES;
				GCC_WARN_ABOUT_MISSING_NEWLINE = YES;
				GCC_WARN_ABOUT_RETURN_TYPE = YES;
				GCC_WARN_CHECK_SWITCH_STATEMENTS = YES;
				GCC_WARN_INITIALIZER_NOT_FULLY_BRACKETED = YES;
				GCC_WARN_MISSING_PARENTHESES = YES;
				GCC_WARN_SHADOW = YES;
				GCC_WARN_SIGN_COMPARE = YES;
				GCC_WARN_TYPECHECK_CALLS_TO_PRINTF = YES;
				GCC_WARN_UNDECLARED_SELECTOR = YES;
				GCC_WARN_UNINITIALIZED_AUTOS = YES;
				GCC_WARN_UNUSED_FUNCTION = YES;
				GCC_WARN_UNUSED_LABEL = YES;
				GCC_WARN_UNUSED_VALUE = YES;
				GCC_WARN_UNUSED_VARIABLE = YES;
				IPHONEOS_DEPLOYMENT_TARGET = 9.0;
				RUN_CLANG_STATIC_ANALYZER = YES;
				SDKROOT = iphoneos;
				VALIDATE_PRODUCT = YES;
			};
			name = Release;
		};
		461C37BD16AF87E965C3593A /* Release */ = {
			isa = XCBuildConfiguration;
			baseConfigurationReference = 691452D79602065215E58996 /* Pods-unit_tests.release.xcconfig */;
			buildSettings = {
				BUNDLE_LOADER = "$(BUILT_PRODUCTS_DIR)/Meh.app/Meh";
				ENABLE_STRICT_OBJC_MSGSEND = YES;
				FRAMEWORK_SEARCH_PATHS = (
					"$(SDKROOT)/Developer/Library/Frameworks",
					"$(inherited)",
					"$(DEVELOPER_FRAMEWORKS_DIR)",
				);
				INFOPLIST_FILE = "UnitTests/Resources/UnitTests-Info.plist";
				PRODUCT_BUNDLE_IDENTIFIER = "com.bradsmith.${PRODUCT_NAME:rfc1034identifier}";
				PRODUCT_NAME = "$(TARGET_NAME)";
				SDKROOT = iphoneos;
				SKIP_INSTALL = YES;
				TEST_HOST = "$(BUNDLE_LOADER)";
				WRAPPER_EXTENSION = xctest;
			};
			name = Release;
		};
		708AD44AB7D69D0ADD04F073 /* Release */ = {
			isa = XCBuildConfiguration;
			baseConfigurationReference = 5E1CF919C490E04B0EE18585 /* Pods.release.xcconfig */;
			buildSettings = {
				ASSETCATALOG_COMPILER_APPICON_NAME = AppIcon;
				"CODE_SIGN_IDENTITY[sdk=iphoneos*]" = "iPhone Developer";
				ENABLE_STRICT_OBJC_MSGSEND = YES;
				GCC_TREAT_WARNINGS_AS_ERRORS = YES;
				INFOPLIST_FILE = Meh/Resources/Info.plist;
				LD_RUNPATH_SEARCH_PATHS = "$(inherited) @executable_path/Frameworks";
				MTL_ENABLE_DEBUG_INFO = NO;
				PRODUCT_BUNDLE_IDENTIFIER = "com.bradsmith.${PRODUCT_NAME:rfc1034identifier}";
				PRODUCT_NAME = "$(TARGET_NAME)";
				SDKROOT = iphoneos;
			};
			name = Release;
		};
		8C84BA07869F418C1F2509E7 /* Debug */ = {
			isa = XCBuildConfiguration;
			baseConfigurationReference = 5C28A8E188BA5EC308E52CD8 /* Pods.debug.xcconfig */;
			buildSettings = {
				ASSETCATALOG_COMPILER_APPICON_NAME = AppIcon;
				"CODE_SIGN_IDENTITY[sdk=iphoneos*]" = "iPhone Developer";
				ENABLE_STRICT_OBJC_MSGSEND = YES;
				INFOPLIST_FILE = Meh/Resources/Info.plist;
				LD_RUNPATH_SEARCH_PATHS = "$(inherited) @executable_path/Frameworks";
				MTL_ENABLE_DEBUG_INFO = YES;
				PRODUCT_BUNDLE_IDENTIFIER = "com.bradsmith.${PRODUCT_NAME:rfc1034identifier}";
				PRODUCT_NAME = "$(TARGET_NAME)";
				SDKROOT = iphoneos;
			};
			name = Debug;
		};
		DE9EF6003F0A58B232B9E4A6 /* Debug */ = {
			isa = XCBuildConfiguration;
			buildSettings = {
				ALWAYS_SEARCH_USER_PATHS = NO;
				ASSETCATALOG_COMPILER_APPICON_NAME = AppIcon;
				CLANG_CXX_LANGUAGE_STANDARD = "gnu++0x";
				CLANG_CXX_LIBRARY = "libc++";
				CLANG_ENABLE_MODULES = YES;
				CLANG_ENABLE_OBJC_ARC = YES;
				CLANG_WARN_BOOL_CONVERSION = YES;
				CLANG_WARN_CONSTANT_CONVERSION = YES;
				CLANG_WARN_DEPRECATED_OBJC_IMPLEMENTATIONS = YES;
				CLANG_WARN_DIRECT_OBJC_ISA_USAGE = YES;
				CLANG_WARN_EMPTY_BODY = YES;
				CLANG_WARN_ENUM_CONVERSION = YES;
				CLANG_WARN_IMPLICIT_SIGN_CONVERSION = YES;
				CLANG_WARN_INT_CONVERSION = YES;
				CLANG_WARN_OBJC_IMPLICIT_RETAIN_SELF = YES;
				CLANG_WARN_OBJC_ROOT_CLASS = YES;
				CLANG_WARN_SUSPICIOUS_IMPLICIT_CONVERSION = YES;
				CLANG_WARN_UNREACHABLE_CODE = YES;
				CLANG_WARN__DUPLICATE_METHOD_MATCH = YES;
				"CODE_SIGN_IDENTITY[sdk=iphoneos*]" = "iPhone Developer";
				COPY_PHASE_STRIP = NO;
				ENABLE_TESTABILITY = YES;
				GCC_C_LANGUAGE_STANDARD = gnu99;
				GCC_DYNAMIC_NO_PIC = NO;
				GCC_OPTIMIZATION_LEVEL = 0;
				GCC_PREPROCESSOR_DEFINITIONS = (
					"DEBUG=1",
					"$(inherited)",
				);
				GCC_SYMBOLS_PRIVATE_EXTERN = NO;
				GCC_WARN_64_TO_32_BIT_CONVERSION = YES;
				GCC_WARN_ABOUT_DEPRECATED_FUNCTIONS = YES;
				GCC_WARN_ABOUT_MISSING_FIELD_INITIALIZERS = YES;
				GCC_WARN_ABOUT_MISSING_NEWLINE = YES;
				GCC_WARN_ABOUT_RETURN_TYPE = YES;
				GCC_WARN_CHECK_SWITCH_STATEMENTS = YES;
				GCC_WARN_INITIALIZER_NOT_FULLY_BRACKETED = YES;
				GCC_WARN_MISSING_PARENTHESES = YES;
				GCC_WARN_SHADOW = YES;
				GCC_WARN_SIGN_COMPARE = YES;
				GCC_WARN_TYPECHECK_CALLS_TO_PRINTF = YES;
				GCC_WARN_UNDECLARED_SELECTOR = YES;
				GCC_WARN_UNINITIALIZED_AUTOS = YES;
				GCC_WARN_UNUSED_FUNCTION = YES;
				GCC_WARN_UNUSED_LABEL = YES;
				GCC_WARN_UNUSED_VALUE = YES;
				GCC_WARN_UNUSED_VARIABLE = YES;
				IPHONEOS_DEPLOYMENT_TARGET = 9.0;
				ONLY_ACTIVE_ARCH = YES;
				RUN_CLANG_STATIC_ANALYZER = YES;
				SDKROOT = iphoneos;
				SWIFT_OPTIMIZATION_LEVEL = "-Onone";
			};
			name = Debug;
		};
/* End XCBuildConfiguration section */

/* Begin XCConfigurationList section */
		22641473059B61392CD67C76 /* Build configuration list for PBXProject "Meh" */ = {
			isa = XCConfigurationList;
			buildConfigurations = (
				DE9EF6003F0A58B232B9E4A6 /* Debug */,
				388A5C4EFD845263E261A5E7 /* Release */,
			);
			defaultConfigurationIsVisible = 0;
			defaultConfigurationName = Release;
		};
		4C66D55B341D33A84A992F3D /* Build configuration list for PBXNativeTarget "UnitTests" */ = {
			isa = XCConfigurationList;
			buildConfigurations = (
				461C37BD16AF87E965C3593A /* Release */,
				0750C4BF757248A519FC058F /* Debug */,
			);
			defaultConfigurationIsVisible = 0;
			defaultConfigurationName = Release;
		};
		63C1250D33E7C86F90855819 /* Build configuration list for PBXNativeTarget "Meh" */ = {
			isa = XCConfigurationList;
			buildConfigurations = (
				708AD44AB7D69D0ADD04F073 /* Release */,
				8C84BA07869F418C1F2509E7 /* Debug */,
			);
			defaultConfigurationIsVisible = 0;
			defaultConfigurationName = Release;
		};
/* End XCConfigurationList section */
	};
	rootObject = 734775B8E7F65B278BC9CAC2 /* Project object */;
}
